
Microsoft Visual Studio Solution File, Format Version 12.00
# Visual Studio 15
VisualStudioVersion = 15.0.28307.438
MinimumVisualStudioVersion = 10.0.40219.1
Project("{FAE04EC0-301F-11D3-BF4B-00C04F79EFBC}") = "Lab3", "Lab3.csproj", "{D3ADD065-E91D-404D-AE86-0D21B29CF575}"
EndProject
Global
	GlobalSection(SolutionConfigurationPlatforms) = preSolution
		Debug|Any CPU = Debug|Any CPU
		Release|Any CPU = Release|Any CPU
	EndGlobalSection
	GlobalSection(ProjectConfigurationPlatforms) = postSolution
		{D3ADD065-E91D-404D-AE86-0D21B29CF575}.Debug|Any CPU.ActiveCfg = Debug|Any CPU
		{D3ADD065-E91D-404D-AE86-0D21B29CF575}.Debug|Any CPU.Build.0 = Debug|Any CPU
		{D3ADD065-E91D-404D-AE86-0D21B29CF575}.Release|Any CPU.ActiveCfg = Release|Any CPU
		{D3ADD065-E91D-404D-AE86-0D21B29CF575}.Release|Any CPU.Build.0 = Release|Any CPU
	EndGlobalSection
	GlobalSection(SolutionProperties) = preSolution
		HideSolutionNode = FALSE
	EndGlobalSection
	GlobalSection(ExtensibilityGlobals) = postSolution
		SolutionGuid = {EFBC6D75-1478-4FBE-A18D-66B5DB8CDC9A}
	EndGlobalSection
EndGlobal
